
Microsoft Visual Studio Solution File, Format Version 12.00
# Visual Studio Version 17
VisualStudioVersion = 17.10.35122.118
MinimumVisualStudioVersion = 10.0.40219.1
Project("{FAE04EC0-301F-11D3-BF4B-00C04F79EFBC}") = "CourseManagementSystem", "CourseManagementSystem.csproj", "{80AFD399-B44B-424E-8873-2E83F00CC5B5}"
EndProject
Global
	GlobalSection(SolutionConfigurationPlatforms) = preSolution
		Debug|Any CPU = Debug|Any CPU
		Release|Any CPU = Release|Any CPU
	EndGlobalSection
	GlobalSection(ProjectConfigurationPlatforms) = postSolution
		{80AFD399-B44B-424E-8873-2E83F00CC5B5}.Debug|Any CPU.ActiveCfg = Debug|Any CPU
		{80AFD399-B44B-424E-8873-2E83F00CC5B5}.Debug|Any CPU.Build.0 = Debug|Any CPU
		{80AFD399-B44B-424E-8873-2E83F00CC5B5}.Release|Any CPU.ActiveCfg = Release|Any CPU
		{80AFD399-B44B-424E-8873-2E83F00CC5B5}.Release|Any CPU.Build.0 = Release|Any CPU
	EndGlobalSection
	GlobalSection(SolutionProperties) = preSolution
		HideSolutionNode = FALSE
	EndGlobalSection
	GlobalSection(ExtensibilityGlobals) = postSolution
		SolutionGuid = {333A3D1A-EEF7-4A4D-9EC4-03F7AD6ABE6E}
	EndGlobalSection
EndGlobal
